
Microsoft Visual Studio Solution File, Format Version 12.00
# Visual Studio Version 17
VisualStudioVersion = 17.0.31912.275
MinimumVisualStudioVersion = 10.0.40219.1
Project("{FAE04EC0-301F-11D3-BF4B-00C04F79EFBC}") = "Entity", "Entity\Entity.csproj", "{EAA5D815-CBB3-4DE5-9BEF-AED1BD282CD9}"
EndProject
Project("{FAE04EC0-301F-11D3-BF4B-00C04F79EFBC}") = "DataAccess", "DataAccess\DataAccess.csproj", "{100D569A-4D1F-4E48-A776-E0528479EA09}"
EndProject
Project("{FAE04EC0-301F-11D3-BF4B-00C04F79EFBC}") = "Business", "Business\Business.csproj", "{B1DC3E0F-8066-4E1E-B0F4-36B5DAF9CD85}"
EndProject
Project("{FAE04EC0-301F-11D3-BF4B-00C04F79EFBC}") = "Core", "Core\Core.csproj", "{95986C39-AA62-4E4B-8104-9C5BD2ADF7C1}"
EndProject
Project("{FAE04EC0-301F-11D3-BF4B-00C04F79EFBC}") = "MvcUI", "MvcUI\MvcUI.csproj", "{B7106F52-B582-4588-A433-9A9D6F8C93F1}"
EndProject
Global
	GlobalSection(SolutionConfigurationPlatforms) = preSolution
		Debug|Any CPU = Debug|Any CPU
		Release|Any CPU = Release|Any CPU
	EndGlobalSection
	GlobalSection(ProjectConfigurationPlatforms) = postSolution
		{EAA5D815-CBB3-4DE5-9BEF-AED1BD282CD9}.Debug|Any CPU.ActiveCfg = Debug|Any CPU
		{EAA5D815-CBB3-4DE5-9BEF-AED1BD282CD9}.Debug|Any CPU.Build.0 = Debug|Any CPU
		{EAA5D815-CBB3-4DE5-9BEF-AED1BD282CD9}.Release|Any CPU.ActiveCfg = Release|Any CPU
		{EAA5D815-CBB3-4DE5-9BEF-AED1BD282CD9}.Release|Any CPU.Build.0 = Release|Any CPU
		{100D569A-4D1F-4E48-A776-E0528479EA09}.Debug|Any CPU.ActiveCfg = Debug|Any CPU
		{100D569A-4D1F-4E48-A776-E0528479EA09}.Debug|Any CPU.Build.0 = Debug|Any CPU
		{100D569A-4D1F-4E48-A776-E0528479EA09}.Release|Any CPU.ActiveCfg = Release|Any CPU
		{100D569A-4D1F-4E48-A776-E0528479EA09}.Release|Any CPU.Build.0 = Release|Any CPU
		{B1DC3E0F-8066-4E1E-B0F4-36B5DAF9CD85}.Debug|Any CPU.ActiveCfg = Debug|Any CPU
		{B1DC3E0F-8066-4E1E-B0F4-36B5DAF9CD85}.Debug|Any CPU.Build.0 = Debug|Any CPU
		{B1DC3E0F-8066-4E1E-B0F4-36B5DAF9CD85}.Release|Any CPU.ActiveCfg = Release|Any CPU
		{B1DC3E0F-8066-4E1E-B0F4-36B5DAF9CD85}.Release|Any CPU.Build.0 = Release|Any CPU
		{95986C39-AA62-4E4B-8104-9C5BD2ADF7C1}.Debug|Any CPU.ActiveCfg = Debug|Any CPU
		{95986C39-AA62-4E4B-8104-9C5BD2ADF7C1}.Debug|Any CPU.Build.0 = Debug|Any CPU
		{95986C39-AA62-4E4B-8104-9C5BD2ADF7C1}.Release|Any CPU.ActiveCfg = Release|Any CPU
		{95986C39-AA62-4E4B-8104-9C5BD2ADF7C1}.Release|Any CPU.Build.0 = Release|Any CPU
		{B7106F52-B582-4588-A433-9A9D6F8C93F1}.Debug|Any CPU.ActiveCfg = Debug|Any CPU
		{B7106F52-B582-4588-A433-9A9D6F8C93F1}.Debug|Any CPU.Build.0 = Debug|Any CPU
		{B7106F52-B582-4588-A433-9A9D6F8C93F1}.Release|Any CPU.ActiveCfg = Release|Any CPU
		{B7106F52-B582-4588-A433-9A9D6F8C93F1}.Release|Any CPU.Build.0 = Release|Any CPU
	EndGlobalSection
	GlobalSection(SolutionProperties) = preSolution
		HideSolutionNode = FALSE
	EndGlobalSection
	GlobalSection(ExtensibilityGlobals) = postSolution
		SolutionGuid = {7C63F86A-AC9E-453D-87EB-219FC0ED96BB}
	EndGlobalSection
EndGlobal
